
Microsoft Visual Studio Solution File, Format Version 12.00
# Visual Studio Version 17
VisualStudioVersion = 17.10.34928.147
MinimumVisualStudioVersion = 10.0.40219.1
Project("{FAE04EC0-301F-11D3-BF4B-00C04F79EFBC}") = "PersonalCarRentalSystem.Api", "PersonalCarRentalSystem.Api\PersonalCarRentalSystem.Api.csproj", "{35C823B3-EDF1-4915-806F-6C9ED258A0D9}"
EndProject
Global
	GlobalSection(SolutionConfigurationPlatforms) = preSolution
		Debug|Any CPU = Debug|Any CPU
		Release|Any CPU = Release|Any CPU
	EndGlobalSection
	GlobalSection(ProjectConfigurationPlatforms) = postSolution
		{35C823B3-EDF1-4915-806F-6C9ED258A0D9}.Debug|Any CPU.ActiveCfg = Debug|Any CPU
		{35C823B3-EDF1-4915-806F-6C9ED258A0D9}.Debug|Any CPU.Build.0 = Debug|Any CPU
		{35C823B3-EDF1-4915-806F-6C9ED258A0D9}.Release|Any CPU.ActiveCfg = Release|Any CPU
		{35C823B3-EDF1-4915-806F-6C9ED258A0D9}.Release|Any CPU.Build.0 = Release|Any CPU
	EndGlobalSection
	GlobalSection(SolutionProperties) = preSolution
		HideSolutionNode = FALSE
	EndGlobalSection
	GlobalSection(ExtensibilityGlobals) = postSolution
		SolutionGuid = {C0D60460-7405-444B-A90D-1CBECCF32CDF}
	EndGlobalSection
EndGlobal
